
Microsoft Visual Studio Solution File, Format Version 12.00
# Visual Studio 15
VisualStudioVersion = 15.0.27004.2002
MinimumVisualStudioVersion = 10.0.40219.1
Project("{FAE04EC0-301F-11D3-BF4B-00C04F79EFBC}") = "LetUsPlay", "LetUsPlay\LetUsPlay.csproj", "{548355C9-C281-4047-AB7C-463EED91DF10}"
EndProject
Project("{FAE04EC0-301F-11D3-BF4B-00C04F79EFBC}") = "LetUsPlay.Tests", "LetUsPlay.Tests\LetUsPlay.Tests.csproj", "{087665BE-EB73-46AD-9CE4-EDD4575DB991}"
EndProject
Global
	GlobalSection(SolutionConfigurationPlatforms) = preSolution
		Debug|Any CPU = Debug|Any CPU
		Release|Any CPU = Release|Any CPU
	EndGlobalSection
	GlobalSection(ProjectConfigurationPlatforms) = postSolution
		{548355C9-C281-4047-AB7C-463EED91DF10}.Debug|Any CPU.ActiveCfg = Debug|Any CPU
		{548355C9-C281-4047-AB7C-463EED91DF10}.Debug|Any CPU.Build.0 = Debug|Any CPU
		{548355C9-C281-4047-AB7C-463EED91DF10}.Release|Any CPU.ActiveCfg = Release|Any CPU
		{548355C9-C281-4047-AB7C-463EED91DF10}.Release|Any CPU.Build.0 = Release|Any CPU
		{087665BE-EB73-46AD-9CE4-EDD4575DB991}.Debug|Any CPU.ActiveCfg = Debug|Any CPU
		{087665BE-EB73-46AD-9CE4-EDD4575DB991}.Debug|Any CPU.Build.0 = Debug|Any CPU
		{087665BE-EB73-46AD-9CE4-EDD4575DB991}.Release|Any CPU.ActiveCfg = Release|Any CPU
		{087665BE-EB73-46AD-9CE4-EDD4575DB991}.Release|Any CPU.Build.0 = Release|Any CPU
	EndGlobalSection
	GlobalSection(SolutionProperties) = preSolution
		HideSolutionNode = FALSE
	EndGlobalSection
	GlobalSection(ExtensibilityGlobals) = postSolution
		SolutionGuid = {4D2B33EA-07BA-446B-8F3D-A526667BAB99}
	EndGlobalSection
EndGlobal
